// !$*UTF8*$!
{
	archiveVersion = 1;
	classes = {
	};
	objectVersion = 56;
	objects = {

/* Begin PBXBuildFile section */
		B22CEA832C7F24E10056CD39 /* FlyApp.swift in Sources */ = {isa = PBXBuildFile; fileRef = B22CEA822C7F24E10056CD39 /* FlyApp.swift */; };
		B22CEA852C7F24E10056CD39 /* ContentView.swift in Sources */ = {isa = PBXBuildFile; fileRef = B22CEA842C7F24E10056CD39 /* ContentView.swift */; };
		B22CEA872C7F24E50056CD39 /* Assets.xcassets in Resources */ = {isa = PBXBuildFile; fileRef = B22CEA862C7F24E50056CD39 /* Assets.xcassets */; };
		B22CEA8B2C7F24E50056CD39 /* Preview Assets.xcassets in Resources */ = {isa = PBXBuildFile; fileRef = B22CEA8A2C7F24E50056CD39 /* Preview Assets.xcassets */; };
		B22CEA952C7F24E60056CD39 /* FlyTests.swift in Sources */ = {isa = PBXBuildFile; fileRef = B22CEA942C7F24E60056CD39 /* FlyTests.swift */; };
		B22CEA9F2C7F24E60056CD39 /* FlyUITests.swift in Sources */ = {isa = PBXBuildFile; fileRef = B22CEA9E2C7F24E60056CD39 /* FlyUITests.swift */; };
		B22CEAA12C7F24E60056CD39 /* FlyUITestsLaunchTests.swift in Sources */ = {isa = PBXBuildFile; fileRef = B22CEAA02C7F24E60056CD39 /* FlyUITestsLaunchTests.swift */; };
/* End PBXBuildFile section */

/* Begin PBXContainerItemProxy section */
		B22CEA912C7F24E60056CD39 /* PBXContainerItemProxy */ = {
			isa = PBXContainerItemProxy;
			containerPortal = B22CEA772C7F24E10056CD39 /* Project object */;
			proxyType = 1;
			remoteGlobalIDString = B22CEA7E2C7F24E10056CD39;
			remoteInfo = Fly;
		};
		B22CEA9B2C7F24E60056CD39 /* PBXContainerItemProxy */ = {
			isa = PBXContainerItemProxy;
			containerPortal = B22CEA772C7F24E10056CD39 /* Project object */;
			proxyType = 1;
			remoteGlobalIDString = B22CEA7E2C7F24E10056CD39;
			remoteInfo = Fly;
		};
/* End PBXContainerItemProxy section */

/* Begin PBXFileReference section */
		B22CEA7F2C7F24E10056CD39 /* Fly.app */ = {isa = PBXFileReference; explicitFileType = wrapper.application; includeInIndex = 0; path = Fly.app; sourceTree = BUILT_PRODUCTS_DIR; };
		B22CEA822C7F24E10056CD39 /* FlyApp.swift */ = {isa = PBXFileReference; lastKnownFileType = sourcecode.swift; path = FlyApp.swift; sourceTree = "<group>"; };
		B22CEA842C7F24E10056CD39 /* ContentView.swift */ = {isa = PBXFileReference; lastKnownFileType = sourcecode.swift; path = ContentView.swift; sourceTree = "<group>"; };
		B22CEA862C7F24E50056CD39 /* Assets.xcassets */ = {isa = PBXFileReference; lastKnownFileType = folder.assetcatalog; path = Assets.xcassets; sourceTree = "<group>"; };
		B22CEA882C7F24E50056CD39 /* Fly.entitlements */ = {isa = PBXFileReference; lastKnownFileType = text.plist.entitlements; path = Fly.entitlements; sourceTree = "<group>"; };
		B22CEA8A2C7F24E50056CD39 /* Preview Assets.xcassets */ = {isa = PBXFileReference; lastKnownFileType = folder.assetcatalog; path = "Preview Assets.xcassets"; sourceTree = "<group>"; };
		B22CEA902C7F24E60056CD39 /* FlyTests.xctest */ = {isa = PBXFileReference; explicitFileType = wrapper.cfbundle; includeInIndex = 0; path = FlyTests.xctest; sourceTree = BUILT_PRODUCTS_DIR; };
		B22CEA942C7F24E60056CD39 /* FlyTests.swift */ = {isa = PBXFileReference; lastKnownFileType = sourcecode.swift; path = FlyTests.swift; sourceTree = "<group>"; };
		B22CEA9A2C7F24E60056CD39 /* FlyUITests.xctest */ = {isa = PBXFileReference; explicitFileType = wrapper.cfbundle; includeInIndex = 0; path = FlyUITests.xctest; sourceTree = BUILT_PRODUCTS_DIR; };
		B22CEA9E2C7F24E60056CD39 /* FlyUITests.swift */ = {isa = PBXFileReference; lastKnownFileType = sourcecode.swift; path = FlyUITests.swift; sourceTree = "<group>"; };
		B22CEAA02C7F24E60056CD39 /* FlyUITestsLaunchTests.swift */ = {isa = PBXFileReference; lastKnownFileType = sourcecode.swift; path = FlyUITestsLaunchTests.swift; sourceTree = "<group>"; };
/* End PBXFileReference section */

/* Begin PBXFrameworksBuildPhase section */
		B22CEA7C2C7F24E10056CD39 /* Frameworks */ = {
			isa = PBXFrameworksBuildPhase;
			buildActionMask = 2147483647;
			files = (
			);
			runOnlyForDeploymentPostprocessing = 0;
		};
		B22CEA8D2C7F24E60056CD39 /* Frameworks */ = {
			isa = PBXFrameworksBuildPhase;
			buildActionMask = 2147483647;
			files = (
			);
			runOnlyForDeploymentPostprocessing = 0;
		};
		B22CEA972C7F24E60056CD39 /* Frameworks */ = {
			isa = PBXFrameworksBuildPhase;
			buildActionMask = 2147483647;
			files = (
			);
			runOnlyForDeploymentPostprocessing = 0;
		};
/* End PBXFrameworksBuildPhase section */

/* Begin PBXGroup section */
		B22CEA762C7F24E10056CD39 = {
			isa = PBXGroup;
			children = (
				B22CEA812C7F24E10056CD39 /* Fly */,
				B22CEA932C7F24E60056CD39 /* FlyTests */,
				B22CEA9D2C7F24E60056CD39 /* FlyUITests */,
				B22CEA802C7F24E10056CD39 /* Products */,
			);
			sourceTree = "<group>";
		};
		B22CEA802C7F24E10056CD39 /* Products */ = {
			isa = PBXGroup;
			children = (
				B22CEA7F2C7F24E10056CD39 /* Fly.app */,
				B22CEA902C7F24E60056CD39 /* FlyTests.xctest */,
				B22CEA9A2C7F24E60056CD39 /* FlyUITests.xctest */,
			);
			name = Products;
			sourceTree = "<group>";
		};
		B22CEA812C7F24E10056CD39 /* Fly */ = {
			isa = PBXGroup;
			children = (
				B22CEA822C7F24E10056CD39 /* FlyApp.swift */,
				B22CEA842C7F24E10056CD39 /* ContentView.swift */,
				B22CEA862C7F24E50056CD39 /* Assets.xcassets */,
				B22CEA882C7F24E50056CD39 /* Fly.entitlements */,
				B22CEA892C7F24E50056CD39 /* Preview Content */,
			);
			path = Fly;
			sourceTree = "<group>";
		};
		B22CEA892C7F24E50056CD39 /* Preview Content */ = {
			isa = PBXGroup;
			children = (
				B22CEA8A2C7F24E50056CD39 /* Preview Assets.xcassets */,
			);
			path = "Preview Content";
			sourceTree = "<group>";
		};
		B22CEA932C7F24E60056CD39 /* FlyTests */ = {
			isa = PBXGroup;
			children = (
				B22CEA942C7F24E60056CD39 /* FlyTests.swift */,
			);
			path = FlyTests;
			sourceTree = "<group>";
		};
		B22CEA9D2C7F24E60056CD39 /* FlyUITests */ = {
			isa = PBXGroup;
			children = (
				B22CEA9E2C7F24E60056CD39 /* FlyUITests.swift */,
				B22CEAA02C7F24E60056CD39 /* FlyUITestsLaunchTests.swift */,
			);
			path = FlyUITests;
			sourceTree = "<group>";
		};
/* End PBXGroup section */

/* Begin PBXNativeTarget section */
		B22CEA7E2C7F24E10056CD39 /* Fly */ = {
			isa = PBXNativeTarget;
			buildConfigurationList = B22CEAA42C7F24E60056CD39 /* Build configuration list for PBXNativeTarget "Fly" */;
			buildPhases = (
				B22CEA7B2C7F24E10056CD39 /* Sources */,
				B22CEA7C2C7F24E10056CD39 /* Frameworks */,
				B22CEA7D2C7F24E10056CD39 /* Resources */,
			);
			buildRules = (
			);
			dependencies = (
			);
			name = Fly;
			productName = Fly;
			productReference = B22CEA7F2C7F24E10056CD39 /* Fly.app */;
			productType = "com.apple.product-type.application";
		};
		B22CEA8F2C7F24E60056CD39 /* FlyTests */ = {
			isa = PBXNativeTarget;
			buildConfigurationList = B22CEAA72C7F24E60056CD39 /* Build configuration list for PBXNativeTarget "FlyTests" */;
			buildPhases = (
				B22CEA8C2C7F24E60056CD39 /* Sources */,
				B22CEA8D2C7F24E60056CD39 /* Frameworks */,
				B22CEA8E2C7F24E60056CD39 /* Resources */,
			);
			buildRules = (
			);
			dependencies = (
				B22CEA922C7F24E60056CD39 /* PBXTargetDependency */,
			);
			name = FlyTests;
			productName = FlyTests;
			productReference = B22CEA902C7F24E60056CD39 /* FlyTests.xctest */;
			productType = "com.apple.product-type.bundle.unit-test";
		};
		B22CEA992C7F24E60056CD39 /* FlyUITests */ = {
			isa = PBXNativeTarget;
			buildConfigurationList = B22CEAAA2C7F24E60056CD39 /* Build configuration list for PBXNativeTarget "FlyUITests" */;
			buildPhases = (
				B22CEA962C7F24E60056CD39 /* Sources */,
				B22CEA972C7F24E60056CD39 /* Frameworks */,
				B22CEA982C7F24E60056CD39 /* Resources */,
			);
			buildRules = (
			);
			dependencies = (
				B22CEA9C2C7F24E60056CD39 /* PBXTargetDependency */,
			);
			name = FlyUITests;
			productName = FlyUITests;
			productReference = B22CEA9A2C7F24E60056CD39 /* FlyUITests.xctest */;
			productType = "com.apple.product-type.bundle.ui-testing";
		};
/* End PBXNativeTarget section */

/* Begin PBXProject section */
		B22CEA772C7F24E10056CD39 /* Project object */ = {
			isa = PBXProject;
			attributes = {
				BuildIndependentTargetsInParallel = 1;
				LastSwiftUpdateCheck = 1510;
				LastUpgradeCheck = 1510;
				TargetAttributes = {
					B22CEA7E2C7F24E10056CD39 = {
						CreatedOnToolsVersion = 15.1;
					};
					B22CEA8F2C7F24E60056CD39 = {
						CreatedOnToolsVersion = 15.1;
						TestTargetID = B22CEA7E2C7F24E10056CD39;
					};
					B22CEA992C7F24E60056CD39 = {
						CreatedOnToolsVersion = 15.1;
						TestTargetID = B22CEA7E2C7F24E10056CD39;
					};
				};
			};
			buildConfigurationList = B22CEA7A2C7F24E10056CD39 /* Build configuration list for PBXProject "Fly" */;
			compatibilityVersion = "Xcode 14.0";
			developmentRegion = en;
			hasScannedForEncodings = 0;
			knownRegions = (
				en,
				Base,
			);
			mainGroup = B22CEA762C7F24E10056CD39;
			productRefGroup = B22CEA802C7F24E10056CD39 /* Products */;
			projectDirPath = "";
			projectRoot = "";
			targets = (
				B22CEA7E2C7F24E10056CD39 /* Fly */,
				B22CEA8F2C7F24E60056CD39 /* FlyTests */,
				B22CEA992C7F24E60056CD39 /* FlyUITests */,
			);
		};
/* End PBXProject section */

/* Begin PBXResourcesBuildPhase section */
		B22CEA7D2C7F24E10056CD39 /* Resources */ = {
			isa = PBXResourcesBuildPhase;
			buildActionMask = 2147483647;
			files = (
				B22CEA8B2C7F24E50056CD39 /* Preview Assets.xcassets in Resources */,
				B22CEA872C7F24E50056CD39 /* Assets.xcassets in Resources */,
			);
			runOnlyForDeploymentPostprocessing = 0;
		};
		B22CEA8E2C7F24E60056CD39 /* Resources */ = {
			isa = PBXResourcesBuildPhase;
			buildActionMask = 2147483647;
			files = (
			);
			runOnlyForDeploymentPostprocessing = 0;
		};
		B22CEA982C7F24E60056CD39 /* Resources */ = {
			isa = PBXResourcesBuildPhase;
			buildActionMask = 2147483647;
			files = (
			);
			runOnlyForDeploymentPostprocessing = 0;
		};
/* End PBXResourcesBuildPhase section */

/* Begin PBXSourcesBuildPhase section */
		B22CEA7B2C7F24E10056CD39 /* Sources */ = {
			isa = PBXSourcesBuildPhase;
			buildActionMask = 2147483647;
			files = (
				B22CEA852C7F24E10056CD39 /* ContentView.swift in Sources */,
				B22CEA832C7F24E10056CD39 /* FlyApp.swift in Sources */,
			);
			runOnlyForDeploymentPostprocessing = 0;
		};
		B22CEA8C2C7F24E60056CD39 /* Sources */ = {
			isa = PBXSourcesBuildPhase;
			buildActionMask = 2147483647;
			files = (
				B22CEA952C7F24E60056CD39 /* FlyTests.swift in Sources */,
			);
			runOnlyForDeploymentPostprocessing = 0;
		};
		B22CEA962C7F24E60056CD39 /* Sources */ = {
			isa = PBXSourcesBuildPhase;
			buildActionMask = 2147483647;
			files = (
				B22CEAA12C7F24E60056CD39 /* FlyUITestsLaunchTests.swift in Sources */,
				B22CEA9F2C7F24E60056CD39 /* FlyUITests.swift in Sources */,
			);
			runOnlyForDeploymentPostprocessing = 0;
		};
/* End PBXSourcesBuildPhase section */

/* Begin PBXTargetDependency section */
		B22CEA922C7F24E60056CD39 /* PBXTargetDependency */ = {
			isa = PBXTargetDependency;
			target = B22CEA7E2C7F24E10056CD39 /* Fly */;
			targetProxy = B22CEA912C7F24E60056CD39 /* PBXContainerItemProxy */;
		};
		B22CEA9C2C7F24E60056CD39 /* PBXTargetDependency */ = {
			isa = PBXTargetDependency;
			target = B22CEA7E2C7F24E10056CD39 /* Fly */;
			targetProxy = B22CEA9B2C7F24E60056CD39 /* PBXContainerItemProxy */;
		};
/* End PBXTargetDependency section */

/* Begin XCBuildConfiguration section */
		B22CEAA22C7F24E60056CD39 /* Debug */ = {
			isa = XCBuildConfiguration;
			buildSettings = {
				ALWAYS_SEARCH_USER_PATHS = NO;
				ASSETCATALOG_COMPILER_GENERATE_SWIFT_ASSET_SYMBOL_EXTENSIONS = YES;
				CLANG_ANALYZER_NONNULL = YES;
				CLANG_ANALYZER_NUMBER_OBJECT_CONVERSION = YES_AGGRESSIVE;
				CLANG_CXX_LANGUAGE_STANDARD = "gnu++20";
				CLANG_ENABLE_MODULES = YES;
				CLANG_ENABLE_OBJC_ARC = YES;
				CLANG_ENABLE_OBJC_WEAK = YES;
				CLANG_WARN_BLOCK_CAPTURE_AUTORELEASING = YES;
				CLANG_WARN_BOOL_CONVERSION = YES;
				CLANG_WARN_COMMA = YES;
				CLANG_WARN_CONSTANT_CONVERSION = YES;
				CLANG_WARN_DEPRECATED_OBJC_IMPLEMENTATIONS = YES;
				CLANG_WARN_DIRECT_OBJC_ISA_USAGE = YES_ERROR;
				CLANG_WARN_DOCUMENTATION_COMMENTS = YES;
				CLANG_WARN_EMPTY_BODY = YES;
				CLANG_WARN_ENUM_CONVERSION = YES;
				CLANG_WARN_INFINITE_RECURSION = YES;
				CLANG_WARN_INT_CONVERSION = YES;
				CLANG_WARN_NON_LITERAL_NULL_CONVERSION = YES;
				CLANG_WARN_OBJC_IMPLICIT_RETAIN_SELF = YES;
				CLANG_WARN_OBJC_LITERAL_CONVERSION = YES;
				CLANG_WARN_OBJC_ROOT_CLASS = YES_ERROR;
				CLANG_WARN_QUOTED_INCLUDE_IN_FRAMEWORK_HEADER = YES;
				CLANG_WARN_RANGE_LOOP_ANALYSIS = YES;
				CLANG_WARN_STRICT_PROTOTYPES = YES;
				CLANG_WARN_SUSPICIOUS_MOVE = YES;
				CLANG_WARN_UNGUARDED_AVAILABILITY = YES_AGGRESSIVE;
				CLANG_WARN_UNREACHABLE_CODE = YES;
				CLANG_WARN__DUPLICATE_METHOD_MATCH = YES;
				COPY_PHASE_STRIP = NO;
				DEBUG_INFORMATION_FORMAT = dwarf;
				ENABLE_STRICT_OBJC_MSGSEND = YES;
				ENABLE_TESTABILITY = YES;
				ENABLE_USER_SCRIPT_SANDBOXING = YES;
				GCC_C_LANGUAGE_STANDARD = gnu17;
				GCC_DYNAMIC_NO_PIC = NO;
				GCC_NO_COMMON_BLOCKS = YES;
				GCC_OPTIMIZATION_LEVEL = 0;
				GCC_PREPROCESSOR_DEFINITIONS = (
					"DEBUG=1",
					"$(inherited)",
				);
				GCC_WARN_64_TO_32_BIT_CONVERSION = YES;
				GCC_WARN_ABOUT_RETURN_TYPE = YES_ERROR;
				GCC_WARN_UNDECLARED_SELECTOR = YES;
				GCC_WARN_UNINITIALIZED_AUTOS = YES_AGGRESSIVE;
				GCC_WARN_UNUSED_FUNCTION = YES;
				GCC_WARN_UNUSED_VARIABLE = YES;
				LOCALIZATION_PREFERS_STRING_CATALOGS = YES;
				MTL_ENABLE_DEBUG_INFO = INCLUDE_SOURCE;
				MTL_FAST_MATH = YES;
				ONLY_ACTIVE_ARCH = YES;
				SWIFT_ACTIVE_COMPILATION_CONDITIONS = "DEBUG $(inherited)";
				SWIFT_OPTIMIZATION_LEVEL = "-Onone";
			};
			name = Debug;
		};
		B22CEAA32C7F24E60056CD39 /* Release */ = {
			isa = XCBuildConfiguration;
			buildSettings = {
				ALWAYS_SEARCH_USER_PATHS = NO;
				ASSETCATALOG_COMPILER_GENERATE_SWIFT_ASSET_SYMBOL_EXTENSIONS = YES;
				CLANG_ANALYZER_NONNULL = YES;
				CLANG_ANALYZER_NUMBER_OBJECT_CONVERSION = YES_AGGRESSIVE;
				CLANG_CXX_LANGUAGE_STANDARD = "gnu++20";
				CLANG_ENABLE_MODULES = YES;
				CLANG_ENABLE_OBJC_ARC = YES;
				CLANG_ENABLE_OBJC_WEAK = YES;
				CLANG_WARN_BLOCK_CAPTURE_AUTORELEASING = YES;
				CLANG_WARN_BOOL_CONVERSION = YES;
				CLANG_WARN_COMMA = YES;
				CLANG_WARN_CONSTANT_CONVERSION = YES;
				CLANG_WARN_DEPRECATED_OBJC_IMPLEMENTATIONS = YES;
				CLANG_WARN_DIRECT_OBJC_ISA_USAGE = YES_ERROR;
				CLANG_WARN_DOCUMENTATION_COMMENTS = YES;
				CLANG_WARN_EMPTY_BODY = YES;
				CLANG_WARN_ENUM_CONVERSION = YES;
				CLANG_WARN_INFINITE_RECURSION = YES;
				CLANG_WARN_INT_CONVERSION = YES;
				CLANG_WARN_NON_LITERAL_NULL_CONVERSION = YES;
				CLANG_WARN_OBJC_IMPLICIT_RETAIN_SELF = YES;
				CLANG_WARN_OBJC_LITERAL_CONVERSION = YES;
				CLANG_WARN_OBJC_ROOT_CLASS = YES_ERROR;
				CLANG_WARN_QUOTED_INCLUDE_IN_FRAMEWORK_HEADER = YES;
				CLANG_WARN_RANGE_LOOP_ANALYSIS = YES;
				CLANG_WARN_STRICT_PROTOTYPES = YES;
				CLANG_WARN_SUSPICIOUS_MOVE = YES;
				CLANG_WARN_UNGUARDED_AVAILABILITY = YES_AGGRESSIVE;
				CLANG_WARN_UNREACHABLE_CODE = YES;
				CLANG_WARN__DUPLICATE_METHOD_MATCH = YES;
				COPY_PHASE_STRIP = NO;
				DEBUG_INFORMATION_FORMAT = "dwarf-with-dsym";
				ENABLE_NS_ASSERTIONS = NO;
				ENABLE_STRICT_OBJC_MSGSEND = YES;
				ENABLE_USER_SCRIPT_SANDBOXING = YES;
				GCC_C_LANGUAGE_STANDARD = gnu17;
				GCC_NO_COMMON_BLOCKS = YES;
				GCC_WARN_64_TO_32_BIT_CONVERSION = YES;
				GCC_WARN_ABOUT_RETURN_TYPE = YES_ERROR;
				GCC_WARN_UNDECLARED_SELECTOR = YES;
				GCC_WARN_UNINITIALIZED_AUTOS = YES_AGGRESSIVE;
				GCC_WARN_UNUSED_FUNCTION = YES;
				GCC_WARN_UNUSED_VARIABLE = YES;
				LOCALIZATION_PREFERS_STRING_CATALOGS = YES;
				MTL_ENABLE_DEBUG_INFO = NO;
				MTL_FAST_MATH = YES;
				SWIFT_COMPILATION_MODE = wholemodule;
			};
			name = Release;
		};
		B22CEAA52C7F24E60056CD39 /* Debug */ = {
			isa = XCBuildConfiguration;
			buildSettings = {
				ASSETCATALOG_COMPILER_APPICON_NAME = AppIcon;
				ASSETCATALOG_COMPILER_GLOBAL_ACCENT_COLOR_NAME = AccentColor;
				CODE_SIGN_ENTITLEMENTS = Fly/Fly.entitlements;
				CODE_SIGN_STYLE = Automatic;
				CURRENT_PROJECT_VERSION = 1;
				DEVELOPMENT_ASSET_PATHS = "\"Fly/Preview Content\"";
				DEVELOPMENT_TEAM = UGT9K2LTQ3;
				ENABLE_HARDENED_RUNTIME = YES;
				ENABLE_PREVIEWS = YES;
				GENERATE_INFOPLIST_FILE = YES;
				"INFOPLIST_KEY_UIApplicationSceneManifest_Generation[sdk=iphoneos*]" = YES;
				"INFOPLIST_KEY_UIApplicationSceneManifest_Generation[sdk=iphonesimulator*]" = YES;
				"INFOPLIST_KEY_UIApplicationSupportsIndirectInputEvents[sdk=iphoneos*]" = YES;
				"INFOPLIST_KEY_UIApplicationSupportsIndirectInputEvents[sdk=iphonesimulator*]" = YES;
				"INFOPLIST_KEY_UILaunchScreen_Generation[sdk=iphoneos*]" = YES;
				"INFOPLIST_KEY_UILaunchScreen_Generation[sdk=iphonesimulator*]" = YES;
				"INFOPLIST_KEY_UIStatusBarStyle[sdk=iphoneos*]" = UIStatusBarStyleDefault;
				"INFOPLIST_KEY_UIStatusBarStyle[sdk=iphonesimulator*]" = UIStatusBarStyleDefault;
				INFOPLIST_KEY_UISupportedInterfaceOrientations_iPad = "UIInterfaceOrientationPortrait UIInterfaceOrientationPortraitUpsideDown UIInterfaceOrientationLandscapeLeft UIInterfaceOrientationLandscapeRight";
				INFOPLIST_KEY_UISupportedInterfaceOrientations_iPhone = "UIInterfaceOrientationPortrait UIInterfaceOrientationLandscapeLeft UIInterfaceOrientationLandscapeRight";
				IPHONEOS_DEPLOYMENT_TARGET = 17.2;
				LD_RUNPATH_SEARCH_PATHS = "@executable_path/Frameworks";
				"LD_RUNPATH_SEARCH_PATHS[sdk=macosx*]" = "@executable_path/../Frameworks";
				MACOSX_DEPLOYMENT_TARGET = 13.6;
				MARKETING_VERSION = 1.0;
				PRODUCT_BUNDLE_IDENTIFIER = DannyFeng.Fly;
				PRODUCT_NAME = "$(TARGET_NAME)";
				SDKROOT = auto;
				SUPPORTED_PLATFORMS = "iphoneos iphonesimulator macosx";
				SWIFT_EMIT_LOC_STRINGS = YES;
				SWIFT_VERSION = 5.0;
				TARGETED_DEVICE_FAMILY = "1,2";
			};
			name = Debug;
		};
		B22CEAA62C7F24E60056CD39 /* Release */ = {
			isa = XCBuildConfiguration;
			buildSettings = {
				ASSETCATALOG_COMPILER_APPICON_NAME = AppIcon;
				ASSETCATALOG_COMPILER_GLOBAL_ACCENT_COLOR_NAME = AccentColor;
				CODE_SIGN_ENTITLEMENTS = Fly/Fly.entitlements;
				CODE_SIGN_STYLE = Automatic;
				CURRENT_PROJECT_VERSION = 1;
				DEVELOPMENT_ASSET_PATHS = "\"Fly/Preview Content\"";
				DEVELOPMENT_TEAM = UGT9K2LTQ3;
				ENABLE_HARDENED_RUNTIME = YES;
				ENABLE_PREVIEWS = YES;
				GENERATE_INFOPLIST_FILE = YES;
				"INFOPLIST_KEY_UIApplicationSceneManifest_Generation[sdk=iphoneos*]" = YES;
				"INFOPLIST_KEY_UIApplicationSceneManifest_Generation[sdk=iphonesimulator*]" = YES;
				"INFOPLIST_KEY_UIApplicationSupportsIndirectInputEvents[sdk=iphoneos*]" = YES;
				"INFOPLIST_KEY_UIApplicationSupportsIndirectInputEvents[sdk=iphonesimulator*]" = YES;
				"INFOPLIST_KEY_UILaunchScreen_Generation[sdk=iphoneos*]" = YES;
				"INFOPLIST_KEY_UILaunchScreen_Generation[sdk=iphonesimulator*]" = YES;
				"INFOPLIST_KEY_UIStatusBarStyle[sdk=iphoneos*]" = UIStatusBarStyleDefault;
				"INFOPLIST_KEY_UIStatusBarStyle[sdk=iphonesimulator*]" = UIStatusBarStyleDefault;
				INFOPLIST_KEY_UISupportedInterfaceOrientations_iPad = "UIInterfaceOrientationPortrait UIInterfaceOrientationPortraitUpsideDown UIInterfaceOrientationLandscapeLeft UIInterfaceOrientationLandscapeRight";
				INFOPLIST_KEY_UISupportedInterfaceOrientations_iPhone = "UIInterfaceOrientationPortrait UIInterfaceOrientationLandscapeLeft UIInterfaceOrientationLandscapeRight";
				IPHONEOS_DEPLOYMENT_TARGET = 17.2;
				LD_RUNPATH_SEARCH_PATHS = "@executable_path/Frameworks";
				"LD_RUNPATH_SEARCH_PATHS[sdk=macosx*]" = "@executable_path/../Frameworks";
				MACOSX_DEPLOYMENT_TARGET = 13.6;
				MARKETING_VERSION = 1.0;
				PRODUCT_BUNDLE_IDENTIFIER = DannyFeng.Fly;
				PRODUCT_NAME = "$(TARGET_NAME)";
				SDKROOT = auto;
				SUPPORTED_PLATFORMS = "iphoneos iphonesimulator macosx";
				SWIFT_EMIT_LOC_STRINGS = YES;
				SWIFT_VERSION = 5.0;
				TARGETED_DEVICE_FAMILY = "1,2";
			};
			name = Release;
		};
		B22CEAA82C7F24E60056CD39 /* Debug */ = {
			isa = XCBuildConfiguration;
			buildSettings = {
				ALWAYS_EMBED_SWIFT_STANDARD_LIBRARIES = YES;
				BUNDLE_LOADER = "$(TEST_HOST)";
				CODE_SIGN_STYLE = Automatic;
				CURRENT_PROJECT_VERSION = 1;
				DEVELOPMENT_TEAM = UGT9K2LTQ3;
				GENERATE_INFOPLIST_FILE = YES;
				IPHONEOS_DEPLOYMENT_TARGET = 17.2;
				MACOSX_DEPLOYMENT_TARGET = 13.6;
				MARKETING_VERSION = 1.0;
				PRODUCT_BUNDLE_IDENTIFIER = DannyFeng.FlyTests;
				PRODUCT_NAME = "$(TARGET_NAME)";
				SDKROOT = auto;
				SUPPORTED_PLATFORMS = "iphoneos iphonesimulator macosx";
				SWIFT_EMIT_LOC_STRINGS = NO;
				SWIFT_VERSION = 5.0;
				TARGETED_DEVICE_FAMILY = "1,2";
				TEST_HOST = "$(BUILT_PRODUCTS_DIR)/Fly.app/$(BUNDLE_EXECUTABLE_FOLDER_PATH)/Fly";
			};
			name = Debug;
		};
		B22CEAA92C7F24E60056CD39 /* Release */ = {
			isa = XCBuildConfiguration;
			buildSettings = {
				ALWAYS_EMBED_SWIFT_STANDARD_LIBRARIES = YES;
				BUNDLE_LOADER = "$(TEST_HOST)";
				CODE_SIGN_STYLE = Automatic;
				CURRENT_PROJECT_VERSION = 1;
				DEVELOPMENT_TEAM = UGT9K2LTQ3;
				GENERATE_INFOPLIST_FILE = YES;
				IPHONEOS_DEPLOYMENT_TARGET = 17.2;
				MACOSX_DEPLOYMENT_TARGET = 13.6;
				MARKETING_VERSION = 1.0;
				PRODUCT_BUNDLE_IDENTIFIER = DannyFeng.FlyTests;
				PRODUCT_NAME = "$(TARGET_NAME)";
				SDKROOT = auto;
				SUPPORTED_PLATFORMS = "iphoneos iphonesimulator macosx";
				SWIFT_EMIT_LOC_STRINGS = NO;
				SWIFT_VERSION = 5.0;
				TARGETED_DEVICE_FAMILY = "1,2";
				TEST_HOST = "$(BUILT_PRODUCTS_DIR)/Fly.app/$(BUNDLE_EXECUTABLE_FOLDER_PATH)/Fly";
			};
			name = Release;
		};
		B22CEAAB2C7F24E60056CD39 /* Debug */ = {
			isa = XCBuildConfiguration;
			buildSettings = {
				ALWAYS_EMBED_SWIFT_STANDARD_LIBRARIES = YES;
				CODE_SIGN_STYLE = Automatic;
				CURRENT_PROJECT_VERSION = 1;
				DEVELOPMENT_TEAM = UGT9K2LTQ3;
				GENERATE_INFOPLIST_FILE = YES;
				IPHONEOS_DEPLOYMENT_TARGET = 17.2;
				MACOSX_DEPLOYMENT_TARGET = 13.6;
				MARKETING_VERSION = 1.0;
				PRODUCT_BUNDLE_IDENTIFIER = DannyFeng.FlyUITests;
				PRODUCT_NAME = "$(TARGET_NAME)";
				SDKROOT = auto;
				SUPPORTED_PLATFORMS = "iphoneos iphonesimulator macosx";
				SWIFT_EMIT_LOC_STRINGS = NO;
				SWIFT_VERSION = 5.0;
				TARGETED_DEVICE_FAMILY = "1,2";
				TEST_TARGET_NAME = Fly;
			};
			name = Debug;
		};
		B22CEAAC2C7F24E60056CD39 /* Release */ = {
			isa = XCBuildConfiguration;
			buildSettings = {
				ALWAYS_EMBED_SWIFT_STANDARD_LIBRARIES = YES;
				CODE_SIGN_STYLE = Automatic;
				CURRENT_PROJECT_VERSION = 1;
				DEVELOPMENT_TEAM = UGT9K2LTQ3;
				GENERATE_INFOPLIST_FILE = YES;
				IPHONEOS_DEPLOYMENT_TARGET = 17.2;
				MACOSX_DEPLOYMENT_TARGET = 13.6;
				MARKETING_VERSION = 1.0;
				PRODUCT_BUNDLE_IDENTIFIER = DannyFeng.FlyUITests;
				PRODUCT_NAME = "$(TARGET_NAME)";
				SDKROOT = auto;
				SUPPORTED_PLATFORMS = "iphoneos iphonesimulator macosx";
				SWIFT_EMIT_LOC_STRINGS = NO;
				SWIFT_VERSION = 5.0;
				TARGETED_DEVICE_FAMILY = "1,2";
				TEST_TARGET_NAME = Fly;
			};
			name = Release;
		};
/* End XCBuildConfiguration section */

/* Begin XCConfigurationList section */
		B22CEA7A2C7F24E10056CD39 /* Build configuration list for PBXProject "Fly" */ = {
			isa = XCConfigurationList;
			buildConfigurations = (
				B22CEAA22C7F24E60056CD39 /* Debug */,
				B22CEAA32C7F24E60056CD39 /* Release */,
			);
			defaultConfigurationIsVisible = 0;
			defaultConfigurationName = Release;
		};
		B22CEAA42C7F24E60056CD39 /* Build configuration list for PBXNativeTarget "Fly" */ = {
			isa = XCConfigurationList;
			buildConfigurations = (
				B22CEAA52C7F24E60056CD39 /* Debug */,
				B22CEAA62C7F24E60056CD39 /* Release */,
			);
			defaultConfigurationIsVisible = 0;
			defaultConfigurationName = Release;
		};
		B22CEAA72C7F24E60056CD39 /* Build configuration list for PBXNativeTarget "FlyTests" */ = {
			isa = XCConfigurationList;
			buildConfigurations = (
				B22CEAA82C7F24E60056CD39 /* Debug */,
				B22CEAA92C7F24E60056CD39 /* Release */,
			);
			defaultConfigurationIsVisible = 0;
			defaultConfigurationName = Release;
		};
		B22CEAAA2C7F24E60056CD39 /* Build configuration list for PBXNativeTarget "FlyUITests" */ = {
			isa = XCConfigurationList;
			buildConfigurations = (
				B22CEAAB2C7F24E60056CD39 /* Debug */,
				B22CEAAC2C7F24E60056CD39 /* Release */,
			);
			defaultConfigurationIsVisible = 0;
			defaultConfigurationName = Release;
		};
/* End XCConfigurationList section */
	};
	rootObject = B22CEA772C7F24E10056CD39 /* Project object */;
}
